
Microsoft Visual Studio Solution File, Format Version 12.00
# Visual Studio Version 16
VisualStudioVersion = 16.0.30503.244
MinimumVisualStudioVersion = 10.0.40219.1
Project("{FAE04EC0-301F-11D3-BF4B-00C04F79EFBC}") = "MqttConsoleClient", "MqttConsoleClient\MqttConsoleClient.csproj", "{7132DEA3-A36E-4EEE-B930-CDEF4A4174FF}"
EndProject
Global
	GlobalSection(SolutionConfigurationPlatforms) = preSolution
		Debug|Any CPU = Debug|Any CPU
		Release|Any CPU = Release|Any CPU
	EndGlobalSection
	GlobalSection(ProjectConfigurationPlatforms) = postSolution
		{7132DEA3-A36E-4EEE-B930-CDEF4A4174FF}.Debug|Any CPU.ActiveCfg = Debug|Any CPU
		{7132DEA3-A36E-4EEE-B930-CDEF4A4174FF}.Debug|Any CPU.Build.0 = Debug|Any CPU
		{7132DEA3-A36E-4EEE-B930-CDEF4A4174FF}.Release|Any CPU.ActiveCfg = Release|Any CPU
		{7132DEA3-A36E-4EEE-B930-CDEF4A4174FF}.Release|Any CPU.Build.0 = Release|Any CPU
	EndGlobalSection
	GlobalSection(SolutionProperties) = preSolution
		HideSolutionNode = FALSE
	EndGlobalSection
	GlobalSection(ExtensibilityGlobals) = postSolution
		SolutionGuid = {1ECC583E-0A66-4146-9BC2-791B0F5F895D}
	EndGlobalSection
EndGlobal
